// !$*UTF8*$!
{
	archiveVersion = 1;
	classes = {
	};
	objectVersion = 56;
	objects = {

/* Begin PBXBuildFile section */
		F44705C62B262DC800556D6C /* AppDelegate.swift in Sources */ = {isa = PBXBuildFile; fileRef = F44705C52B262DC800556D6C /* AppDelegate.swift */; };
		F44705C82B262DC800556D6C /* SceneDelegate.swift in Sources */ = {isa = PBXBuildFile; fileRef = F44705C72B262DC800556D6C /* SceneDelegate.swift */; };
		F44705CA2B262DC800556D6C /* ViewController.swift in Sources */ = {isa = PBXBuildFile; fileRef = F44705C92B262DC800556D6C /* ViewController.swift */; };
		F44705CD2B262DC800556D6C /* Main.storyboard in Resources */ = {isa = PBXBuildFile; fileRef = F44705CB2B262DC800556D6C /* Main.storyboard */; };
		F44705D02B262DC800556D6C /* myShoppingListApp.xcdatamodeld in Sources */ = {isa = PBXBuildFile; fileRef = F44705CE2B262DC800556D6C /* myShoppingListApp.xcdatamodeld */; };
		F44705D22B262DCB00556D6C /* Assets.xcassets in Resources */ = {isa = PBXBuildFile; fileRef = F44705D12B262DCB00556D6C /* Assets.xcassets */; };
		F44705D52B262DCB00556D6C /* LaunchScreen.storyboard in Resources */ = {isa = PBXBuildFile; fileRef = F44705D32B262DCB00556D6C /* LaunchScreen.storyboard */; };
		F44705DD2B26300500556D6C /* mainMenuViewController.swift in Sources */ = {isa = PBXBuildFile; fileRef = F44705DC2B26300500556D6C /* mainMenuViewController.swift */; };
		F44705E02B26473700556D6C /* DetailsViewController.swift in Sources */ = {isa = PBXBuildFile; fileRef = F44705DF2B26473700556D6C /* DetailsViewController.swift */; };
/* End PBXBuildFile section */

/* Begin PBXFileReference section */
		F44705C22B262DC800556D6C /* myShoppingListApp.app */ = {isa = PBXFileReference; explicitFileType = wrapper.application; includeInIndex = 0; path = myShoppingListApp.app; sourceTree = BUILT_PRODUCTS_DIR; };
		F44705C52B262DC800556D6C /* AppDelegate.swift */ = {isa = PBXFileReference; lastKnownFileType = sourcecode.swift; path = AppDelegate.swift; sourceTree = "<group>"; };
		F44705C72B262DC800556D6C /* SceneDelegate.swift */ = {isa = PBXFileReference; lastKnownFileType = sourcecode.swift; path = SceneDelegate.swift; sourceTree = "<group>"; };
		F44705C92B262DC800556D6C /* ViewController.swift */ = {isa = PBXFileReference; lastKnownFileType = sourcecode.swift; path = ViewController.swift; sourceTree = "<group>"; };
		F44705CC2B262DC800556D6C /* Base */ = {isa = PBXFileReference; lastKnownFileType = file.storyboard; name = Base; path = Base.lproj/Main.storyboard; sourceTree = "<group>"; };
		F44705CF2B262DC800556D6C /* myShoppingListApp.xcdatamodel */ = {isa = PBXFileReference; lastKnownFileType = wrapper.xcdatamodel; path = myShoppingListApp.xcdatamodel; sourceTree = "<group>"; };
		F44705D12B262DCB00556D6C /* Assets.xcassets */ = {isa = PBXFileReference; lastKnownFileType = folder.assetcatalog; path = Assets.xcassets; sourceTree = "<group>"; };
		F44705D42B262DCB00556D6C /* Base */ = {isa = PBXFileReference; lastKnownFileType = file.storyboard; name = Base; path = Base.lproj/LaunchScreen.storyboard; sourceTree = "<group>"; };
		F44705D62B262DCB00556D6C /* Info.plist */ = {isa = PBXFileReference; lastKnownFileType = text.plist.xml; path = Info.plist; sourceTree = "<group>"; };
		F44705DC2B26300500556D6C /* mainMenuViewController.swift */ = {isa = PBXFileReference; lastKnownFileType = sourcecode.swift; path = mainMenuViewController.swift; sourceTree = "<group>"; };
		F44705DE2B26374D00556D6C /* myShoppingListApp.entitlements */ = {isa = PBXFileReference; lastKnownFileType = text.plist.entitlements; path = myShoppingListApp.entitlements; sourceTree = "<group>"; };
		F44705DF2B26473700556D6C /* DetailsViewController.swift */ = {isa = PBXFileReference; lastKnownFileType = sourcecode.swift; path = DetailsViewController.swift; sourceTree = "<group>"; };
/* End PBXFileReference section */

/* Begin PBXFrameworksBuildPhase section */
		F44705BF2B262DC800556D6C /* Frameworks */ = {
			isa = PBXFrameworksBuildPhase;
			buildActionMask = 2147483647;
			files = (
			);
			runOnlyForDeploymentPostprocessing = 0;
		};
/* End PBXFrameworksBuildPhase section */

/* Begin PBXGroup section */
		F44705B92B262DC800556D6C = {
			isa = PBXGroup;
			children = (
				F44705C42B262DC800556D6C /* myShoppingListApp */,
				F44705C32B262DC800556D6C /* Products */,
			);
			sourceTree = "<group>";
		};
		F44705C32B262DC800556D6C /* Products */ = {
			isa = PBXGroup;
			children = (
				F44705C22B262DC800556D6C /* myShoppingListApp.app */,
			);
			name = Products;
			sourceTree = "<group>";
		};
		F44705C42B262DC800556D6C /* myShoppingListApp */ = {
			isa = PBXGroup;
			children = (
				F44705C52B262DC800556D6C /* AppDelegate.swift */,
				F44705C72B262DC800556D6C /* SceneDelegate.swift */,
				F44705C92B262DC800556D6C /* ViewController.swift */,
				F44705DF2B26473700556D6C /* DetailsViewController.swift */,
				F44705DC2B26300500556D6C /* mainMenuViewController.swift */,
				F44705CB2B262DC800556D6C /* Main.storyboard */,
				F44705D12B262DCB00556D6C /* Assets.xcassets */,
				F44705D32B262DCB00556D6C /* LaunchScreen.storyboard */,
				F44705D62B262DCB00556D6C /* Info.plist */,
				F44705CE2B262DC800556D6C /* myShoppingListApp.xcdatamodeld */,
				F44705DE2B26374D00556D6C /* myShoppingListApp.entitlements */,
			);
			path = myShoppingListApp;
			sourceTree = "<group>";
		};
/* End PBXGroup section */

/* Begin PBXNativeTarget section */
		F44705C12B262DC800556D6C /* myShoppingListApp */ = {
			isa = PBXNativeTarget;
			buildConfigurationList = F44705D92B262DCB00556D6C /* Build configuration list for PBXNativeTarget "myShoppingListApp" */;
			buildPhases = (
				F44705BE2B262DC800556D6C /* Sources */,
				F44705BF2B262DC800556D6C /* Frameworks */,
				F44705C02B262DC800556D6C /* Resources */,
			);
			buildRules = (
			);
			dependencies = (
			);
			name = myShoppingListApp;
			productName = myShoppingListApp;
			productReference = F44705C22B262DC800556D6C /* myShoppingListApp.app */;
			productType = "com.apple.product-type.application";
		};
/* End PBXNativeTarget section */

/* Begin PBXProject section */
		F44705BA2B262DC800556D6C /* Project object */ = {
			isa = PBXProject;
			attributes = {
				BuildIndependentTargetsInParallel = 1;
				LastSwiftUpdateCheck = 1500;
				LastUpgradeCheck = 1500;
				TargetAttributes = {
					F44705C12B262DC800556D6C = {
						CreatedOnToolsVersion = 15.0.1;
					};
				};
			};
			buildConfigurationList = F44705BD2B262DC800556D6C /* Build configuration list for PBXProject "myShoppingListApp" */;
			compatibilityVersion = "Xcode 14.0";
			developmentRegion = en;
			hasScannedForEncodings = 0;
			knownRegions = (
				en,
				Base,
			);
			mainGroup = F44705B92B262DC800556D6C;
			productRefGroup = F44705C32B262DC800556D6C /* Products */;
			projectDirPath = "";
			projectRoot = "";
			targets = (
				F44705C12B262DC800556D6C /* myShoppingListApp */,
			);
		};
/* End PBXProject section */

/* Begin PBXResourcesBuildPhase section */
		F44705C02B262DC800556D6C /* Resources */ = {
			isa = PBXResourcesBuildPhase;
			buildActionMask = 2147483647;
			files = (
				F44705D52B262DCB00556D6C /* LaunchScreen.storyboard in Resources */,
				F44705D22B262DCB00556D6C /* Assets.xcassets in Resources */,
				F44705CD2B262DC800556D6C /* Main.storyboard in Resources */,
			);
			runOnlyForDeploymentPostprocessing = 0;
		};
/* End PBXResourcesBuildPhase section */

/* Begin PBXSourcesBuildPhase section */
		F44705BE2B262DC800556D6C /* Sources */ = {
			isa = PBXSourcesBuildPhase;
			buildActionMask = 2147483647;
			files = (
				F44705CA2B262DC800556D6C /* ViewController.swift in Sources */,
				F44705D02B262DC800556D6C /* myShoppingListApp.xcdatamodeld in Sources */,
				F44705C62B262DC800556D6C /* AppDelegate.swift in Sources */,
				F44705C82B262DC800556D6C /* SceneDelegate.swift in Sources */,
				F44705DD2B26300500556D6C /* mainMenuViewController.swift in Sources */,
				F44705E02B26473700556D6C /* DetailsViewController.swift in Sources */,
			);
			runOnlyForDeploymentPostprocessing = 0;
		};
/* End PBXSourcesBuildPhase section */

/* Begin PBXVariantGroup section */
		F44705CB2B262DC800556D6C /* Main.storyboard */ = {
			isa = PBXVariantGroup;
			children = (
				F44705CC2B262DC800556D6C /* Base */,
			);
			name = Main.storyboard;
			sourceTree = "<group>";
		};
		F44705D32B262DCB00556D6C /* LaunchScreen.storyboard */ = {
			isa = PBXVariantGroup;
			children = (
				F44705D42B262DCB00556D6C /* Base */,
			);
			name = LaunchScreen.storyboard;
			sourceTree = "<group>";
		};
/* End PBXVariantGroup section */

/* Begin XCBuildConfiguration section */
		F44705D72B262DCB00556D6C /* Debug */ = {
			isa = XCBuildConfiguration;
			buildSettings = {
				ALWAYS_SEARCH_USER_PATHS = NO;
				ASSETCATALOG_COMPILER_GENERATE_SWIFT_ASSET_SYMBOL_EXTENSIONS = YES;
				CLANG_ANALYZER_NONNULL = YES;
				CLANG_ANALYZER_NUMBER_OBJECT_CONVERSION = YES_AGGRESSIVE;
				CLANG_CXX_LANGUAGE_STANDARD = "gnu++20";
				CLANG_ENABLE_MODULES = YES;
				CLANG_ENABLE_OBJC_ARC = YES;
				CLANG_ENABLE_OBJC_WEAK = YES;
				CLANG_WARN_BLOCK_CAPTURE_AUTORELEASING = YES;
				CLANG_WARN_BOOL_CONVERSION = YES;
				CLANG_WARN_COMMA = YES;
				CLANG_WARN_CONSTANT_CONVERSION = YES;
				CLANG_WARN_DEPRECATED_OBJC_IMPLEMENTATIONS = YES;
				CLANG_WARN_DIRECT_OBJC_ISA_USAGE = YES_ERROR;
				CLANG_WARN_DOCUMENTATION_COMMENTS = YES;
				CLANG_WARN_EMPTY_BODY = YES;
				CLANG_WARN_ENUM_CONVERSION = YES;
				CLANG_WARN_INFINITE_RECURSION = YES;
				CLANG_WARN_INT_CONVERSION = YES;
				CLANG_WARN_NON_LITERAL_NULL_CONVERSION = YES;
				CLANG_WARN_OBJC_IMPLICIT_RETAIN_SELF = YES;
				CLANG_WARN_OBJC_LITERAL_CONVERSION = YES;
				CLANG_WARN_OBJC_ROOT_CLASS = YES_ERROR;
				CLANG_WARN_QUOTED_INCLUDE_IN_FRAMEWORK_HEADER = YES;
				CLANG_WARN_RANGE_LOOP_ANALYSIS = YES;
				CLANG_WARN_STRICT_PROTOTYPES = YES;
				CLANG_WARN_SUSPICIOUS_MOVE = YES;
				CLANG_WARN_UNGUARDED_AVAILABILITY = YES_AGGRESSIVE;
				CLANG_WARN_UNREACHABLE_CODE = YES;
				CLANG_WARN__DUPLICATE_METHOD_MATCH = YES;
				COPY_PHASE_STRIP = NO;
				DEBUG_INFORMATION_FORMAT = dwarf;
				ENABLE_STRICT_OBJC_MSGSEND = YES;
				ENABLE_TESTABILITY = YES;
				ENABLE_USER_SCRIPT_SANDBOXING = YES;
				GCC_C_LANGUAGE_STANDARD = gnu17;
				GCC_DYNAMIC_NO_PIC = NO;
				GCC_NO_COMMON_BLOCKS = YES;
				GCC_OPTIMIZATION_LEVEL = 0;
				GCC_PREPROCESSOR_DEFINITIONS = (
					"DEBUG=1",
					"$(inherited)",
				);
				GCC_WARN_64_TO_32_BIT_CONVERSION = YES;
				GCC_WARN_ABOUT_RETURN_TYPE = YES_ERROR;
				GCC_WARN_UNDECLARED_SELECTOR = YES;
				GCC_WARN_UNINITIALIZED_AUTOS = YES_AGGRESSIVE;
				GCC_WARN_UNUSED_FUNCTION = YES;
				GCC_WARN_UNUSED_VARIABLE = YES;
				IPHONEOS_DEPLOYMENT_TARGET = 17.0;
				LOCALIZATION_PREFERS_STRING_CATALOGS = YES;
				MTL_ENABLE_DEBUG_INFO = INCLUDE_SOURCE;
				MTL_FAST_MATH = YES;
				ONLY_ACTIVE_ARCH = YES;
				SDKROOT = iphoneos;
				SWIFT_ACTIVE_COMPILATION_CONDITIONS = "DEBUG $(inherited)";
				SWIFT_OPTIMIZATION_LEVEL = "-Onone";
			};
			name = Debug;
		};
		F44705D82B262DCB00556D6C /* Release */ = {
			isa = XCBuildConfiguration;
			buildSettings = {
				ALWAYS_SEARCH_USER_PATHS = NO;
				ASSETCATALOG_COMPILER_GENERATE_SWIFT_ASSET_SYMBOL_EXTENSIONS = YES;
				CLANG_ANALYZER_NONNULL = YES;
				CLANG_ANALYZER_NUMBER_OBJECT_CONVERSION = YES_AGGRESSIVE;
				CLANG_CXX_LANGUAGE_STANDARD = "gnu++20";
				CLANG_ENABLE_MODULES = YES;
				CLANG_ENABLE_OBJC_ARC = YES;
				CLANG_ENABLE_OBJC_WEAK = YES;
				CLANG_WARN_BLOCK_CAPTURE_AUTORELEASING = YES;
				CLANG_WARN_BOOL_CONVERSION = YES;
				CLANG_WARN_COMMA = YES;
				CLANG_WARN_CONSTANT_CONVERSION = YES;
				CLANG_WARN_DEPRECATED_OBJC_IMPLEMENTATIONS = YES;
				CLANG_WARN_DIRECT_OBJC_ISA_USAGE = YES_ERROR;
				CLANG_WARN_DOCUMENTATION_COMMENTS = YES;
				CLANG_WARN_EMPTY_BODY = YES;
				CLANG_WARN_ENUM_CONVERSION = YES;
				CLANG_WARN_INFINITE_RECURSION = YES;
				CLANG_WARN_INT_CONVERSION = YES;
				CLANG_WARN_NON_LITERAL_NULL_CONVERSION = YES;
				CLANG_WARN_OBJC_IMPLICIT_RETAIN_SELF = YES;
				CLANG_WARN_OBJC_LITERAL_CONVERSION = YES;
				CLANG_WARN_OBJC_ROOT_CLASS = YES_ERROR;
				CLANG_WARN_QUOTED_INCLUDE_IN_FRAMEWORK_HEADER = YES;
				CLANG_WARN_RANGE_LOOP_ANALYSIS = YES;
				CLANG_WARN_STRICT_PROTOTYPES = YES;
				CLANG_WARN_SUSPICIOUS_MOVE = YES;
				CLANG_WARN_UNGUARDED_AVAILABILITY = YES_AGGRESSIVE;
				CLANG_WARN_UNREACHABLE_CODE = YES;
				CLANG_WARN__DUPLICATE_METHOD_MATCH = YES;
				COPY_PHASE_STRIP = NO;
				DEBUG_INFORMATION_FORMAT = "dwarf-with-dsym";
				ENABLE_NS_ASSERTIONS = NO;
				ENABLE_STRICT_OBJC_MSGSEND = YES;
				ENABLE_USER_SCRIPT_SANDBOXING = YES;
				GCC_C_LANGUAGE_STANDARD = gnu17;
				GCC_NO_COMMON_BLOCKS = YES;
				GCC_WARN_64_TO_32_BIT_CONVERSION = YES;
				GCC_WARN_ABOUT_RETURN_TYPE = YES_ERROR;
				GCC_WARN_UNDECLARED_SELECTOR = YES;
				GCC_WARN_UNINITIALIZED_AUTOS = YES_AGGRESSIVE;
				GCC_WARN_UNUSED_FUNCTION = YES;
				GCC_WARN_UNUSED_VARIABLE = YES;
				IPHONEOS_DEPLOYMENT_TARGET = 17.0;
				LOCALIZATION_PREFERS_STRING_CATALOGS = YES;
				MTL_ENABLE_DEBUG_INFO = NO;
				MTL_FAST_MATH = YES;
				SDKROOT = iphoneos;
				SWIFT_COMPILATION_MODE = wholemodule;
				VALIDATE_PRODUCT = YES;
			};
			name = Release;
		};
		F44705DA2B262DCB00556D6C /* Debug */ = {
			isa = XCBuildConfiguration;
			buildSettings = {
				ASSETCATALOG_COMPILER_APPICON_NAME = AppIcon;
				ASSETCATALOG_COMPILER_GLOBAL_ACCENT_COLOR_NAME = AccentColor;
				CODE_SIGN_ENTITLEMENTS = myShoppingListApp/myShoppingListApp.entitlements;
				CODE_SIGN_STYLE = Automatic;
				CURRENT_PROJECT_VERSION = 1;
				DEVELOPMENT_TEAM = VS86F4JTDX;
				GENERATE_INFOPLIST_FILE = YES;
				INFOPLIST_FILE = myShoppingListApp/Info.plist;
				INFOPLIST_KEY_UIApplicationSupportsIndirectInputEvents = YES;
				INFOPLIST_KEY_UILaunchStoryboardName = LaunchScreen;
				INFOPLIST_KEY_UIMainStoryboardFile = Main;
				INFOPLIST_KEY_UISupportedInterfaceOrientations_iPad = "UIInterfaceOrientationPortrait UIInterfaceOrientationPortraitUpsideDown UIInterfaceOrientationLandscapeLeft UIInterfaceOrientationLandscapeRight";
				INFOPLIST_KEY_UISupportedInterfaceOrientations_iPhone = "UIInterfaceOrientationPortrait UIInterfaceOrientationLandscapeLeft UIInterfaceOrientationLandscapeRight";
				IPHONEOS_DEPLOYMENT_TARGET = 15.0;
				LD_RUNPATH_SEARCH_PATHS = (
					"$(inherited)",
					"@executable_path/Frameworks",
				);
				MARKETING_VERSION = 1.0;
				PRODUCT_BUNDLE_IDENTIFIER = com.mcakir.myShoppingListApp;
				PRODUCT_NAME = "$(TARGET_NAME)";
				SUPPORTED_PLATFORMS = "iphoneos iphonesimulator";
				SUPPORTS_MACCATALYST = NO;
				SWIFT_EMIT_LOC_STRINGS = YES;
				SWIFT_VERSION = 5.0;
				TARGETED_DEVICE_FAMILY = 1;
			};
			name = Debug;
		};
		F44705DB2B262DCB00556D6C /* Release */ = {
			isa = XCBuildConfiguration;
			buildSettings = {
				ASSETCATALOG_COMPILER_APPICON_NAME = AppIcon;
				ASSETCATALOG_COMPILER_GLOBAL_ACCENT_COLOR_NAME = AccentColor;
				CODE_SIGN_ENTITLEMENTS = myShoppingListApp/myShoppingListApp.entitlements;
				CODE_SIGN_STYLE = Automatic;
				CURRENT_PROJECT_VERSION = 1;
				DEVELOPMENT_TEAM = VS86F4JTDX;
				GENERATE_INFOPLIST_FILE = YES;
				INFOPLIST_FILE = myShoppingListApp/Info.plist;
				INFOPLIST_KEY_UIApplicationSupportsIndirectInputEvents = YES;
				INFOPLIST_KEY_UILaunchStoryboardName = LaunchScreen;
				INFOPLIST_KEY_UIMainStoryboardFile = Main;
				INFOPLIST_KEY_UISupportedInterfaceOrientations_iPad = "UIInterfaceOrientationPortrait UIInterfaceOrientationPortraitUpsideDown UIInterfaceOrientationLandscapeLeft UIInterfaceOrientationLandscapeRight";
				INFOPLIST_KEY_UISupportedInterfaceOrientations_iPhone = "UIInterfaceOrientationPortrait UIInterfaceOrientationLandscapeLeft UIInterfaceOrientationLandscapeRight";
				IPHONEOS_DEPLOYMENT_TARGET = 15.0;
				LD_RUNPATH_SEARCH_PATHS = (
					"$(inherited)",
					"@executable_path/Frameworks",
				);
				MARKETING_VERSION = 1.0;
				PRODUCT_BUNDLE_IDENTIFIER = com.mcakir.myShoppingListApp;
				PRODUCT_NAME = "$(TARGET_NAME)";
				SUPPORTED_PLATFORMS = "iphoneos iphonesimulator";
				SUPPORTS_MACCATALYST = NO;
				SWIFT_EMIT_LOC_STRINGS = YES;
				SWIFT_VERSION = 5.0;
				TARGETED_DEVICE_FAMILY = 1;
			};
			name = Release;
		};
/* End XCBuildConfiguration section */

/* Begin XCConfigurationList section */
		F44705BD2B262DC800556D6C /* Build configuration list for PBXProject "myShoppingListApp" */ = {
			isa = XCConfigurationList;
			buildConfigurations = (
				F44705D72B262DCB00556D6C /* Debug */,
				F44705D82B262DCB00556D6C /* Release */,
			);
			defaultConfigurationIsVisible = 0;
			defaultConfigurationName = Release;
		};
		F44705D92B262DCB00556D6C /* Build configuration list for PBXNativeTarget "myShoppingListApp" */ = {
			isa = XCConfigurationList;
			buildConfigurations = (
				F44705DA2B262DCB00556D6C /* Debug */,
				F44705DB2B262DCB00556D6C /* Release */,
			);
			defaultConfigurationIsVisible = 0;
			defaultConfigurationName = Release;
		};
/* End XCConfigurationList section */

/* Begin XCVersionGroup section */
		F44705CE2B262DC800556D6C /* myShoppingListApp.xcdatamodeld */ = {
			isa = XCVersionGroup;
			children = (
				F44705CF2B262DC800556D6C /* myShoppingListApp.xcdatamodel */,
			);
			currentVersion = F44705CF2B262DC800556D6C /* myShoppingListApp.xcdatamodel */;
			path = myShoppingListApp.xcdatamodeld;
			sourceTree = "<group>";
			versionGroupType = wrapper.xcdatamodel;
		};
/* End XCVersionGroup section */
	};
	rootObject = F44705BA2B262DC800556D6C /* Project object */;
}
